
Microsoft Visual Studio Solution File, Format Version 12.00
# Visual Studio 15
VisualStudioVersion = 15.0.28307.960
MinimumVisualStudioVersion = 10.0.40219.1
Project("{8BC9CEB8-8B4A-11D0-8D11-00A0C91BC942}") = "Tcp", "Tcp\Tcp.vcxproj", "{06039D96-90DD-41AE-A218-8927B686235C}"
EndProject
Project("{8BC9CEB8-8B4A-11D0-8D11-00A0C91BC942}") = "TcpClient", "TcpClient\TcpClient.vcxproj", "{15D3661D-4FD8-4147-8F9C-18C351699C87}"
EndProject
Global
	GlobalSection(SolutionConfigurationPlatforms) = preSolution
		Debug|x64 = Debug|x64
		Debug|x86 = Debug|x86
		Release|x64 = Release|x64
		Release|x86 = Release|x86
	EndGlobalSection
	GlobalSection(ProjectConfigurationPlatforms) = postSolution
		{06039D96-90DD-41AE-A218-8927B686235C}.Debug|x64.ActiveCfg = Debug|x64
		{06039D96-90DD-41AE-A218-8927B686235C}.Debug|x64.Build.0 = Debug|x64
		{06039D96-90DD-41AE-A218-8927B686235C}.Debug|x86.ActiveCfg = Debug|Win32
		{06039D96-90DD-41AE-A218-8927B686235C}.Debug|x86.Build.0 = Debug|Win32
		{06039D96-90DD-41AE-A218-8927B686235C}.Release|x64.ActiveCfg = Release|x64
		{06039D96-90DD-41AE-A218-8927B686235C}.Release|x64.Build.0 = Release|x64
		{06039D96-90DD-41AE-A218-8927B686235C}.Release|x86.ActiveCfg = Release|Win32
		{06039D96-90DD-41AE-A218-8927B686235C}.Release|x86.Build.0 = Release|Win32
		{15D3661D-4FD8-4147-8F9C-18C351699C87}.Debug|x64.ActiveCfg = Debug|x64
		{15D3661D-4FD8-4147-8F9C-18C351699C87}.Debug|x64.Build.0 = Debug|x64
		{15D3661D-4FD8-4147-8F9C-18C351699C87}.Debug|x86.ActiveCfg = Debug|Win32
		{15D3661D-4FD8-4147-8F9C-18C351699C87}.Debug|x86.Build.0 = Debug|Win32
		{15D3661D-4FD8-4147-8F9C-18C351699C87}.Release|x64.ActiveCfg = Release|x64
		{15D3661D-4FD8-4147-8F9C-18C351699C87}.Release|x64.Build.0 = Release|x64
		{15D3661D-4FD8-4147-8F9C-18C351699C87}.Release|x86.ActiveCfg = Release|Win32
		{15D3661D-4FD8-4147-8F9C-18C351699C87}.Release|x86.Build.0 = Release|Win32
	EndGlobalSection
	GlobalSection(SolutionProperties) = preSolution
		HideSolutionNode = FALSE
	EndGlobalSection
	GlobalSection(ExtensibilityGlobals) = postSolution
		SolutionGuid = {2318B539-0B56-4D1E-A889-370673A98881}
	EndGlobalSection
EndGlobal
