
Microsoft Visual Studio Solution File, Format Version 12.00
# Visual Studio 15
VisualStudioVersion = 15.0.28307.960
MinimumVisualStudioVersion = 10.0.40219.1
Project("{2150E333-8FDC-42A3-9474-1A3956D46DE8}") = "UI", "UI", "{0604DB96-B30D-4862-9FBC-26FEED0AAF55}"
EndProject
Project("{8BC9CEB8-8B4A-11D0-8D11-00A0C91BC942}") = "clientApp", "clientApp\clientApp.vcxproj", "{315C0417-CD97-40BD-9451-A8732DDEF011}"
EndProject
Project("{8BC9CEB8-8B4A-11D0-8D11-00A0C91BC942}") = "LogonPanel", "LogonPanel\LogonPanel.vcxproj", "{B1B842A6-2378-4FF5-A36E-D01DE4C7E39E}"
EndProject
Project("{8BC9CEB8-8B4A-11D0-8D11-00A0C91BC942}") = "IM", "IM\IM.vcxproj", "{EC9AEB7F-9D2C-4D10-9B65-A163858C9674}"
EndProject
Project("{8BC9CEB8-8B4A-11D0-8D11-00A0C91BC942}") = "FriendPanel", "FriendPanel\FriendPanel.vcxproj", "{E78ACBA3-0FC6-4347-B700-A5CBE49496FD}"
EndProject
Project("{8BC9CEB8-8B4A-11D0-8D11-00A0C91BC942}") = "ChatPanel", "ChatPanel\ChatPanel.vcxproj", "{DFB0884C-76D2-4CEE-81E7-F77FACC34767}"
EndProject
Project("{2150E333-8FDC-42A3-9474-1A3956D46DE8}") = "DATA", "DATA", "{73F2673D-BD78-40F7-894E-3F1F0D91F528}"
EndProject
Project("{8BC9CEB8-8B4A-11D0-8D11-00A0C91BC942}") = "AppSettings", "AppSettings\AppSettings.vcxproj", "{E43A123F-58E4-4F0B-B8A5-68EF2C1DE1D4}"
EndProject
Global
	GlobalSection(SolutionConfigurationPlatforms) = preSolution
		Debug|x64 = Debug|x64
		Debug|x86 = Debug|x86
		Release|x64 = Release|x64
		Release|x86 = Release|x86
	EndGlobalSection
	GlobalSection(ProjectConfigurationPlatforms) = postSolution
		{315C0417-CD97-40BD-9451-A8732DDEF011}.Debug|x64.ActiveCfg = Debug|x64
		{315C0417-CD97-40BD-9451-A8732DDEF011}.Debug|x64.Build.0 = Debug|x64
		{315C0417-CD97-40BD-9451-A8732DDEF011}.Debug|x86.ActiveCfg = Debug|x64
		{315C0417-CD97-40BD-9451-A8732DDEF011}.Release|x64.ActiveCfg = Release|x64
		{315C0417-CD97-40BD-9451-A8732DDEF011}.Release|x64.Build.0 = Release|x64
		{315C0417-CD97-40BD-9451-A8732DDEF011}.Release|x86.ActiveCfg = Release|x64
		{B1B842A6-2378-4FF5-A36E-D01DE4C7E39E}.Debug|x64.ActiveCfg = Debug|x64
		{B1B842A6-2378-4FF5-A36E-D01DE4C7E39E}.Debug|x64.Build.0 = Debug|x64
		{B1B842A6-2378-4FF5-A36E-D01DE4C7E39E}.Debug|x86.ActiveCfg = Debug|x64
		{B1B842A6-2378-4FF5-A36E-D01DE4C7E39E}.Release|x64.ActiveCfg = Release|x64
		{B1B842A6-2378-4FF5-A36E-D01DE4C7E39E}.Release|x64.Build.0 = Release|x64
		{B1B842A6-2378-4FF5-A36E-D01DE4C7E39E}.Release|x86.ActiveCfg = Release|x64
		{EC9AEB7F-9D2C-4D10-9B65-A163858C9674}.Debug|x64.ActiveCfg = Debug|x64
		{EC9AEB7F-9D2C-4D10-9B65-A163858C9674}.Debug|x64.Build.0 = Debug|x64
		{EC9AEB7F-9D2C-4D10-9B65-A163858C9674}.Debug|x86.ActiveCfg = Debug|x64
		{EC9AEB7F-9D2C-4D10-9B65-A163858C9674}.Release|x64.ActiveCfg = Release|x64
		{EC9AEB7F-9D2C-4D10-9B65-A163858C9674}.Release|x64.Build.0 = Release|x64
		{EC9AEB7F-9D2C-4D10-9B65-A163858C9674}.Release|x86.ActiveCfg = Release|x64
		{E78ACBA3-0FC6-4347-B700-A5CBE49496FD}.Debug|x64.ActiveCfg = Debug|x64
		{E78ACBA3-0FC6-4347-B700-A5CBE49496FD}.Debug|x64.Build.0 = Debug|x64
		{E78ACBA3-0FC6-4347-B700-A5CBE49496FD}.Debug|x86.ActiveCfg = Debug|x64
		{E78ACBA3-0FC6-4347-B700-A5CBE49496FD}.Release|x64.ActiveCfg = Release|x64
		{E78ACBA3-0FC6-4347-B700-A5CBE49496FD}.Release|x64.Build.0 = Release|x64
		{E78ACBA3-0FC6-4347-B700-A5CBE49496FD}.Release|x86.ActiveCfg = Release|x64
		{DFB0884C-76D2-4CEE-81E7-F77FACC34767}.Debug|x64.ActiveCfg = Debug|x64
		{DFB0884C-76D2-4CEE-81E7-F77FACC34767}.Debug|x64.Build.0 = Debug|x64
		{DFB0884C-76D2-4CEE-81E7-F77FACC34767}.Debug|x86.ActiveCfg = Debug|x64
		{DFB0884C-76D2-4CEE-81E7-F77FACC34767}.Release|x64.ActiveCfg = Release|x64
		{DFB0884C-76D2-4CEE-81E7-F77FACC34767}.Release|x64.Build.0 = Release|x64
		{DFB0884C-76D2-4CEE-81E7-F77FACC34767}.Release|x86.ActiveCfg = Release|x64
		{E43A123F-58E4-4F0B-B8A5-68EF2C1DE1D4}.Debug|x64.ActiveCfg = Debug|x64
		{E43A123F-58E4-4F0B-B8A5-68EF2C1DE1D4}.Debug|x64.Build.0 = Debug|x64
		{E43A123F-58E4-4F0B-B8A5-68EF2C1DE1D4}.Debug|x86.ActiveCfg = Debug|x64
		{E43A123F-58E4-4F0B-B8A5-68EF2C1DE1D4}.Release|x64.ActiveCfg = Release|x64
		{E43A123F-58E4-4F0B-B8A5-68EF2C1DE1D4}.Release|x64.Build.0 = Release|x64
		{E43A123F-58E4-4F0B-B8A5-68EF2C1DE1D4}.Release|x86.ActiveCfg = Release|x64
	EndGlobalSection
	GlobalSection(SolutionProperties) = preSolution
		HideSolutionNode = FALSE
	EndGlobalSection
	GlobalSection(NestedProjects) = preSolution
		{B1B842A6-2378-4FF5-A36E-D01DE4C7E39E} = {0604DB96-B30D-4862-9FBC-26FEED0AAF55}
		{EC9AEB7F-9D2C-4D10-9B65-A163858C9674} = {0604DB96-B30D-4862-9FBC-26FEED0AAF55}
		{E78ACBA3-0FC6-4347-B700-A5CBE49496FD} = {0604DB96-B30D-4862-9FBC-26FEED0AAF55}
		{DFB0884C-76D2-4CEE-81E7-F77FACC34767} = {0604DB96-B30D-4862-9FBC-26FEED0AAF55}
		{E43A123F-58E4-4F0B-B8A5-68EF2C1DE1D4} = {73F2673D-BD78-40F7-894E-3F1F0D91F528}
	EndGlobalSection
	GlobalSection(ExtensibilityGlobals) = postSolution
		Qt5Version = qt5.9
		SolutionGuid = {083D5D18-5608-4A5F-829D-D34477B57A0C}
	EndGlobalSection
EndGlobal
