
Microsoft Visual Studio Solution File, Format Version 12.00
# Visual Studio Version 16
VisualStudioVersion = 16.0.29709.97
MinimumVisualStudioVersion = 10.0.40219.1
Project("{8BC9CEB8-8B4A-11D0-8D11-00A0C91BC942}") = "Communicator", "Communicator.vcxproj", "{07530A47-0D12-43A1-9F93-87D98B8BC639}"
EndProject
Global
	GlobalSection(SolutionConfigurationPlatforms) = preSolution
		Debug|x86 = Debug|x86
		Release|x86 = Release|x86
	EndGlobalSection
	GlobalSection(ProjectConfigurationPlatforms) = postSolution
		{07530A47-0D12-43A1-9F93-87D98B8BC639}.Debug|x86.ActiveCfg = Debug|Win32
		{07530A47-0D12-43A1-9F93-87D98B8BC639}.Debug|x86.Build.0 = Debug|Win32
		{07530A47-0D12-43A1-9F93-87D98B8BC639}.Release|x86.ActiveCfg = Release|Win32
		{07530A47-0D12-43A1-9F93-87D98B8BC639}.Release|x86.Build.0 = Release|Win32
	EndGlobalSection
	GlobalSection(SolutionProperties) = preSolution
		HideSolutionNode = FALSE
	EndGlobalSection
	GlobalSection(ExtensibilityGlobals) = postSolution
		SolutionGuid = {EC2B9340-2298-44DE-ADC2-3CE05B32E82F}
	EndGlobalSection
EndGlobal
