
Microsoft Visual Studio Solution File, Format Version 12.00
# Visual Studio 15
VisualStudioVersion = 15.0.28307.1062
MinimumVisualStudioVersion = 10.0.40219.1
Project("{8BC9CEB8-8B4A-11D0-8D11-00A0C91BC942}") = "IMServer", "IMServer\IMServer.vcxproj", "{315F1E9A-FA5E-4330-809C-991E8AC55C81}"
EndProject
Project("{8BC9CEB8-8B4A-11D0-8D11-00A0C91BC942}") = "DataCenter", "..\IMClientApp\DataCenter\DataCenter.vcxproj", "{CC7923F2-8EE4-47B1-8D21-1B35FA49386D}"
EndProject
Project("{8BC9CEB8-8B4A-11D0-8D11-00A0C91BC942}") = "IMQtMySql", "IMQtMySql\IMQtMySql.vcxproj", "{53CA3842-EAEA-4FE4-96D5-8083FDA23809}"
EndProject
Global
	GlobalSection(SolutionConfigurationPlatforms) = preSolution
		Debug|x64 = Debug|x64
		Release|x64 = Release|x64
	EndGlobalSection
	GlobalSection(ProjectConfigurationPlatforms) = postSolution
		{315F1E9A-FA5E-4330-809C-991E8AC55C81}.Debug|x64.ActiveCfg = Debug|x64
		{315F1E9A-FA5E-4330-809C-991E8AC55C81}.Debug|x64.Build.0 = Debug|x64
		{315F1E9A-FA5E-4330-809C-991E8AC55C81}.Release|x64.ActiveCfg = Release|x64
		{315F1E9A-FA5E-4330-809C-991E8AC55C81}.Release|x64.Build.0 = Release|x64
		{CC7923F2-8EE4-47B1-8D21-1B35FA49386D}.Debug|x64.ActiveCfg = Debug|x64
		{CC7923F2-8EE4-47B1-8D21-1B35FA49386D}.Debug|x64.Build.0 = Debug|x64
		{CC7923F2-8EE4-47B1-8D21-1B35FA49386D}.Release|x64.ActiveCfg = Release|x64
		{CC7923F2-8EE4-47B1-8D21-1B35FA49386D}.Release|x64.Build.0 = Release|x64
		{53CA3842-EAEA-4FE4-96D5-8083FDA23809}.Debug|x64.ActiveCfg = Debug|x64
		{53CA3842-EAEA-4FE4-96D5-8083FDA23809}.Debug|x64.Build.0 = Debug|x64
		{53CA3842-EAEA-4FE4-96D5-8083FDA23809}.Release|x64.ActiveCfg = Release|x64
		{53CA3842-EAEA-4FE4-96D5-8083FDA23809}.Release|x64.Build.0 = Release|x64
	EndGlobalSection
	GlobalSection(SolutionProperties) = preSolution
		HideSolutionNode = FALSE
	EndGlobalSection
	GlobalSection(ExtensibilityGlobals) = postSolution
		Qt5Version = Qt5.9.9
		SolutionGuid = {9B4D6A76-4580-4EA7-9939-65C35FD54B2D}
	EndGlobalSection
EndGlobal
