
Microsoft Visual Studio Solution File, Format Version 12.00
# Visual Studio 15
VisualStudioVersion = 15.0.28307.1062
MinimumVisualStudioVersion = 10.0.40219.1
Project("{2150E333-8FDC-42A3-9474-1A3956D46DE8}") = "Test", "Test", "{5F48BD5F-B285-48AC-8B34-EE9C469875B0}"
EndProject
Project("{2150E333-8FDC-42A3-9474-1A3956D46DE8}") = "_UI", "_UI", "{5756EF9E-5F89-4B1D-A2EE-ECE679F8FF80}"
EndProject
Project("{2150E333-8FDC-42A3-9474-1A3956D46DE8}") = "_Tool", "_Tool", "{278F397B-0A43-45D2-8D6C-947328E8C368}"
EndProject
Project("{8BC9CEB8-8B4A-11D0-8D11-00A0C91BC942}") = "ConfigCenter", "ConfigCenter\ConfigCenter.vcxproj", "{287EB77D-4BC1-4778-BAFC-83576ED0276B}"
EndProject
Project("{8BC9CEB8-8B4A-11D0-8D11-00A0C91BC942}") = "QDebugTool", "QDebugTool\QDebugTool.vcxproj", "{F461E33C-73F2-4DCF-BCC7-46F5DB854454}"
EndProject
Project("{8BC9CEB8-8B4A-11D0-8D11-00A0C91BC942}") = "QtUITool", "QtUITool\QtUITool.vcxproj", "{96DB75C0-96E6-442E-BB78-040292D0773F}"
EndProject
Project("{8BC9CEB8-8B4A-11D0-8D11-00A0C91BC942}") = "DataCenter", "DataCenter\DataCenter.vcxproj", "{CC7923F2-8EE4-47B1-8D21-1B35FA49386D}"
EndProject
Project("{8BC9CEB8-8B4A-11D0-8D11-00A0C91BC942}") = "AppSettings", "AppSettings\AppSettings.vcxproj", "{E43A123F-58E4-4F0B-B8A5-68EF2C1DE1D4}"
EndProject
Project("{8BC9CEB8-8B4A-11D0-8D11-00A0C91BC942}") = "ChatPanel", "ChatPanel\ChatPanel.vcxproj", "{DFB0884C-76D2-4CEE-81E7-F77FACC34767}"
EndProject
Project("{8BC9CEB8-8B4A-11D0-8D11-00A0C91BC942}") = "LogonPanel", "LogonPanel\LogonPanel.vcxproj", "{B1B842A6-2378-4FF5-A36E-D01DE4C7E39E}"
EndProject
Project("{8BC9CEB8-8B4A-11D0-8D11-00A0C91BC942}") = "IMClientApp", "IMClientApp\IMClientApp.vcxproj", "{D2EAECB4-DE94-45A0-8D7D-C7D394F9A379}"
EndProject
Project("{8BC9CEB8-8B4A-11D0-8D11-00A0C91BC942}") = "FriendPanel", "FriendPanel\FriendPanel.vcxproj", "{A995CEEA-7184-4ABC-A182-5161BEE3736B}"
EndProject
Project("{8BC9CEB8-8B4A-11D0-8D11-00A0C91BC942}") = "QBaseUi", "QBaseUi\QBaseUi.vcxproj", "{BAECF403-7D4F-471E-847A-5527B6D0FDF3}"
EndProject
Project("{8BC9CEB8-8B4A-11D0-8D11-00A0C91BC942}") = "QtGuiApplication2", "QtGuiApplication2\QtGuiApplication2.vcxproj", "{A165D3DF-1B8B-4E8E-A512-DE358105CEE9}"
EndProject
Project("{8BC9CEB8-8B4A-11D0-8D11-00A0C91BC942}") = "FrendDemo", "FrendDemo\FrendDemo.vcxproj", "{4B79EA97-08CF-4D92-8680-13A1C1FC237D}"
EndProject
Global
	GlobalSection(SolutionConfigurationPlatforms) = preSolution
		Debug|x64 = Debug|x64
		Debug|x86 = Debug|x86
		Release|x64 = Release|x64
		Release|x86 = Release|x86
	EndGlobalSection
	GlobalSection(ProjectConfigurationPlatforms) = postSolution
		{287EB77D-4BC1-4778-BAFC-83576ED0276B}.Debug|x64.ActiveCfg = Debug|x64
		{287EB77D-4BC1-4778-BAFC-83576ED0276B}.Debug|x64.Build.0 = Debug|x64
		{287EB77D-4BC1-4778-BAFC-83576ED0276B}.Debug|x86.ActiveCfg = Debug|x64
		{287EB77D-4BC1-4778-BAFC-83576ED0276B}.Release|x64.ActiveCfg = Release|x64
		{287EB77D-4BC1-4778-BAFC-83576ED0276B}.Release|x64.Build.0 = Release|x64
		{287EB77D-4BC1-4778-BAFC-83576ED0276B}.Release|x86.ActiveCfg = Release|x64
		{F461E33C-73F2-4DCF-BCC7-46F5DB854454}.Debug|x64.ActiveCfg = Debug|x64
		{F461E33C-73F2-4DCF-BCC7-46F5DB854454}.Debug|x64.Build.0 = Debug|x64
		{F461E33C-73F2-4DCF-BCC7-46F5DB854454}.Debug|x86.ActiveCfg = Debug|x64
		{F461E33C-73F2-4DCF-BCC7-46F5DB854454}.Release|x64.ActiveCfg = Release|x64
		{F461E33C-73F2-4DCF-BCC7-46F5DB854454}.Release|x64.Build.0 = Release|x64
		{F461E33C-73F2-4DCF-BCC7-46F5DB854454}.Release|x86.ActiveCfg = Release|x64
		{96DB75C0-96E6-442E-BB78-040292D0773F}.Debug|x64.ActiveCfg = Debug|x64
		{96DB75C0-96E6-442E-BB78-040292D0773F}.Debug|x64.Build.0 = Debug|x64
		{96DB75C0-96E6-442E-BB78-040292D0773F}.Debug|x86.ActiveCfg = Debug|x64
		{96DB75C0-96E6-442E-BB78-040292D0773F}.Release|x64.ActiveCfg = Release|x64
		{96DB75C0-96E6-442E-BB78-040292D0773F}.Release|x64.Build.0 = Release|x64
		{96DB75C0-96E6-442E-BB78-040292D0773F}.Release|x86.ActiveCfg = Release|x64
		{CC7923F2-8EE4-47B1-8D21-1B35FA49386D}.Debug|x64.ActiveCfg = Debug|x64
		{CC7923F2-8EE4-47B1-8D21-1B35FA49386D}.Debug|x64.Build.0 = Debug|x64
		{CC7923F2-8EE4-47B1-8D21-1B35FA49386D}.Debug|x86.ActiveCfg = Debug|x64
		{CC7923F2-8EE4-47B1-8D21-1B35FA49386D}.Release|x64.ActiveCfg = Release|x64
		{CC7923F2-8EE4-47B1-8D21-1B35FA49386D}.Release|x64.Build.0 = Release|x64
		{CC7923F2-8EE4-47B1-8D21-1B35FA49386D}.Release|x86.ActiveCfg = Release|x64
		{E43A123F-58E4-4F0B-B8A5-68EF2C1DE1D4}.Debug|x64.ActiveCfg = Debug|x64
		{E43A123F-58E4-4F0B-B8A5-68EF2C1DE1D4}.Debug|x64.Build.0 = Debug|x64
		{E43A123F-58E4-4F0B-B8A5-68EF2C1DE1D4}.Debug|x86.ActiveCfg = Debug|x64
		{E43A123F-58E4-4F0B-B8A5-68EF2C1DE1D4}.Release|x64.ActiveCfg = Release|x64
		{E43A123F-58E4-4F0B-B8A5-68EF2C1DE1D4}.Release|x64.Build.0 = Release|x64
		{E43A123F-58E4-4F0B-B8A5-68EF2C1DE1D4}.Release|x86.ActiveCfg = Release|x64
		{DFB0884C-76D2-4CEE-81E7-F77FACC34767}.Debug|x64.ActiveCfg = Debug|x64
		{DFB0884C-76D2-4CEE-81E7-F77FACC34767}.Debug|x64.Build.0 = Debug|x64
		{DFB0884C-76D2-4CEE-81E7-F77FACC34767}.Debug|x86.ActiveCfg = Debug|x64
		{DFB0884C-76D2-4CEE-81E7-F77FACC34767}.Release|x64.ActiveCfg = Release|x64
		{DFB0884C-76D2-4CEE-81E7-F77FACC34767}.Release|x64.Build.0 = Release|x64
		{DFB0884C-76D2-4CEE-81E7-F77FACC34767}.Release|x86.ActiveCfg = Release|x64
		{B1B842A6-2378-4FF5-A36E-D01DE4C7E39E}.Debug|x64.ActiveCfg = Debug|x64
		{B1B842A6-2378-4FF5-A36E-D01DE4C7E39E}.Debug|x64.Build.0 = Debug|x64
		{B1B842A6-2378-4FF5-A36E-D01DE4C7E39E}.Debug|x86.ActiveCfg = Debug|x64
		{B1B842A6-2378-4FF5-A36E-D01DE4C7E39E}.Release|x64.ActiveCfg = Release|x64
		{B1B842A6-2378-4FF5-A36E-D01DE4C7E39E}.Release|x64.Build.0 = Release|x64
		{B1B842A6-2378-4FF5-A36E-D01DE4C7E39E}.Release|x86.ActiveCfg = Release|x64
		{D2EAECB4-DE94-45A0-8D7D-C7D394F9A379}.Debug|x64.ActiveCfg = Debug|x64
		{D2EAECB4-DE94-45A0-8D7D-C7D394F9A379}.Debug|x64.Build.0 = Debug|x64
		{D2EAECB4-DE94-45A0-8D7D-C7D394F9A379}.Debug|x86.ActiveCfg = Debug|x64
		{D2EAECB4-DE94-45A0-8D7D-C7D394F9A379}.Release|x64.ActiveCfg = Release|x64
		{D2EAECB4-DE94-45A0-8D7D-C7D394F9A379}.Release|x64.Build.0 = Release|x64
		{D2EAECB4-DE94-45A0-8D7D-C7D394F9A379}.Release|x86.ActiveCfg = Release|x64
		{A995CEEA-7184-4ABC-A182-5161BEE3736B}.Debug|x64.ActiveCfg = Debug|x64
		{A995CEEA-7184-4ABC-A182-5161BEE3736B}.Debug|x64.Build.0 = Debug|x64
		{A995CEEA-7184-4ABC-A182-5161BEE3736B}.Debug|x86.ActiveCfg = Debug|x64
		{A995CEEA-7184-4ABC-A182-5161BEE3736B}.Release|x64.ActiveCfg = Release|x64
		{A995CEEA-7184-4ABC-A182-5161BEE3736B}.Release|x64.Build.0 = Release|x64
		{A995CEEA-7184-4ABC-A182-5161BEE3736B}.Release|x86.ActiveCfg = Release|x64
		{BAECF403-7D4F-471E-847A-5527B6D0FDF3}.Debug|x64.ActiveCfg = Debug|x64
		{BAECF403-7D4F-471E-847A-5527B6D0FDF3}.Debug|x64.Build.0 = Debug|x64
		{BAECF403-7D4F-471E-847A-5527B6D0FDF3}.Debug|x86.ActiveCfg = Debug|x64
		{BAECF403-7D4F-471E-847A-5527B6D0FDF3}.Release|x64.ActiveCfg = Release|x64
		{BAECF403-7D4F-471E-847A-5527B6D0FDF3}.Release|x64.Build.0 = Release|x64
		{BAECF403-7D4F-471E-847A-5527B6D0FDF3}.Release|x86.ActiveCfg = Release|x64
		{A165D3DF-1B8B-4E8E-A512-DE358105CEE9}.Debug|x64.ActiveCfg = Debug|x64
		{A165D3DF-1B8B-4E8E-A512-DE358105CEE9}.Debug|x64.Build.0 = Debug|x64
		{A165D3DF-1B8B-4E8E-A512-DE358105CEE9}.Debug|x86.ActiveCfg = Debug|x64
		{A165D3DF-1B8B-4E8E-A512-DE358105CEE9}.Release|x64.ActiveCfg = Release|x64
		{A165D3DF-1B8B-4E8E-A512-DE358105CEE9}.Release|x64.Build.0 = Release|x64
		{A165D3DF-1B8B-4E8E-A512-DE358105CEE9}.Release|x86.ActiveCfg = Release|x64
		{4B79EA97-08CF-4D92-8680-13A1C1FC237D}.Debug|x64.ActiveCfg = Debug|x64
		{4B79EA97-08CF-4D92-8680-13A1C1FC237D}.Debug|x64.Build.0 = Debug|x64
		{4B79EA97-08CF-4D92-8680-13A1C1FC237D}.Debug|x86.ActiveCfg = Debug|x64
		{4B79EA97-08CF-4D92-8680-13A1C1FC237D}.Release|x64.ActiveCfg = Release|x64
		{4B79EA97-08CF-4D92-8680-13A1C1FC237D}.Release|x64.Build.0 = Release|x64
		{4B79EA97-08CF-4D92-8680-13A1C1FC237D}.Release|x86.ActiveCfg = Release|x64
	EndGlobalSection
	GlobalSection(SolutionProperties) = preSolution
		HideSolutionNode = FALSE
	EndGlobalSection
	GlobalSection(NestedProjects) = preSolution
		{287EB77D-4BC1-4778-BAFC-83576ED0276B} = {278F397B-0A43-45D2-8D6C-947328E8C368}
		{F461E33C-73F2-4DCF-BCC7-46F5DB854454} = {278F397B-0A43-45D2-8D6C-947328E8C368}
		{96DB75C0-96E6-442E-BB78-040292D0773F} = {278F397B-0A43-45D2-8D6C-947328E8C368}
		{CC7923F2-8EE4-47B1-8D21-1B35FA49386D} = {278F397B-0A43-45D2-8D6C-947328E8C368}
		{E43A123F-58E4-4F0B-B8A5-68EF2C1DE1D4} = {278F397B-0A43-45D2-8D6C-947328E8C368}
		{DFB0884C-76D2-4CEE-81E7-F77FACC34767} = {5756EF9E-5F89-4B1D-A2EE-ECE679F8FF80}
		{B1B842A6-2378-4FF5-A36E-D01DE4C7E39E} = {5756EF9E-5F89-4B1D-A2EE-ECE679F8FF80}
		{A995CEEA-7184-4ABC-A182-5161BEE3736B} = {5756EF9E-5F89-4B1D-A2EE-ECE679F8FF80}
		{BAECF403-7D4F-471E-847A-5527B6D0FDF3} = {5756EF9E-5F89-4B1D-A2EE-ECE679F8FF80}
		{A165D3DF-1B8B-4E8E-A512-DE358105CEE9} = {5F48BD5F-B285-48AC-8B34-EE9C469875B0}
		{4B79EA97-08CF-4D92-8680-13A1C1FC237D} = {5F48BD5F-B285-48AC-8B34-EE9C469875B0}
	EndGlobalSection
	GlobalSection(ExtensibilityGlobals) = postSolution
		Qt5Version = Qt5.9.9
		SolutionGuid = {994F8B24-860F-476C-B87B-49A84B5F6A54}
	EndGlobalSection
EndGlobal
