
Microsoft Visual Studio Solution File, Format Version 12.00
# Visual Studio 15
VisualStudioVersion = 15.0.28307.960
MinimumVisualStudioVersion = 10.0.40219.1
Project("{8BC9CEB8-8B4A-11D0-8D11-00A0C91BC942}") = "Udp", "Udp\Udp.vcxproj", "{2D0AB49C-2FBE-45A5-914E-275D913FB677}"
EndProject
Project("{8BC9CEB8-8B4A-11D0-8D11-00A0C91BC942}") = "UdpClient", "UdpClient\UdpClient.vcxproj", "{C7E2DB74-1248-400F-A85C-C48F089C3BD0}"
EndProject
Global
	GlobalSection(SolutionConfigurationPlatforms) = preSolution
		Debug|x64 = Debug|x64
		Debug|x86 = Debug|x86
		Release|x64 = Release|x64
		Release|x86 = Release|x86
	EndGlobalSection
	GlobalSection(ProjectConfigurationPlatforms) = postSolution
		{2D0AB49C-2FBE-45A5-914E-275D913FB677}.Debug|x64.ActiveCfg = Debug|x64
		{2D0AB49C-2FBE-45A5-914E-275D913FB677}.Debug|x64.Build.0 = Debug|x64
		{2D0AB49C-2FBE-45A5-914E-275D913FB677}.Debug|x86.ActiveCfg = Debug|Win32
		{2D0AB49C-2FBE-45A5-914E-275D913FB677}.Debug|x86.Build.0 = Debug|Win32
		{2D0AB49C-2FBE-45A5-914E-275D913FB677}.Release|x64.ActiveCfg = Release|x64
		{2D0AB49C-2FBE-45A5-914E-275D913FB677}.Release|x64.Build.0 = Release|x64
		{2D0AB49C-2FBE-45A5-914E-275D913FB677}.Release|x86.ActiveCfg = Release|Win32
		{2D0AB49C-2FBE-45A5-914E-275D913FB677}.Release|x86.Build.0 = Release|Win32
		{C7E2DB74-1248-400F-A85C-C48F089C3BD0}.Debug|x64.ActiveCfg = Debug|x64
		{C7E2DB74-1248-400F-A85C-C48F089C3BD0}.Debug|x64.Build.0 = Debug|x64
		{C7E2DB74-1248-400F-A85C-C48F089C3BD0}.Debug|x86.ActiveCfg = Debug|Win32
		{C7E2DB74-1248-400F-A85C-C48F089C3BD0}.Debug|x86.Build.0 = Debug|Win32
		{C7E2DB74-1248-400F-A85C-C48F089C3BD0}.Release|x64.ActiveCfg = Release|x64
		{C7E2DB74-1248-400F-A85C-C48F089C3BD0}.Release|x64.Build.0 = Release|x64
		{C7E2DB74-1248-400F-A85C-C48F089C3BD0}.Release|x86.ActiveCfg = Release|Win32
		{C7E2DB74-1248-400F-A85C-C48F089C3BD0}.Release|x86.Build.0 = Release|Win32
	EndGlobalSection
	GlobalSection(SolutionProperties) = preSolution
		HideSolutionNode = FALSE
	EndGlobalSection
	GlobalSection(ExtensibilityGlobals) = postSolution
		SolutionGuid = {4DF9FBBE-C5A1-4D7D-B7CC-84C38185780B}
	EndGlobalSection
EndGlobal
