
Microsoft Visual Studio Solution File, Format Version 12.00
# Visual Studio 15
VisualStudioVersion = 15.0.28307.960
MinimumVisualStudioVersion = 10.0.40219.1
Project("{8BC9CEB8-8B4A-11D0-8D11-00A0C91BC942}") = "HellowWord", "HellowWord\HellowWord.vcxproj", "{76AD83E1-50DE-456D-9F49-4C07909C97C8}"
EndProject
Project("{2150E333-8FDC-42A3-9474-1A3956D46DE8}") = "Server", "Server", "{7683E644-29D7-4CCB-BBBB-813F84EA909B}"
EndProject
Project("{8BC9CEB8-8B4A-11D0-8D11-00A0C91BC942}") = "serv11", "serv11\serv11.vcxproj", "{3E82630B-1EF6-4AC1-A834-46F015C59E6F}"
EndProject
Global
	GlobalSection(SolutionConfigurationPlatforms) = preSolution
		Debug|x64 = Debug|x64
		Debug|x86 = Debug|x86
		Release|x64 = Release|x64
		Release|x86 = Release|x86
	EndGlobalSection
	GlobalSection(ProjectConfigurationPlatforms) = postSolution
		{76AD83E1-50DE-456D-9F49-4C07909C97C8}.Debug|x64.ActiveCfg = Debug|x64
		{76AD83E1-50DE-456D-9F49-4C07909C97C8}.Debug|x64.Build.0 = Debug|x64
		{76AD83E1-50DE-456D-9F49-4C07909C97C8}.Debug|x86.ActiveCfg = Debug|Win32
		{76AD83E1-50DE-456D-9F49-4C07909C97C8}.Debug|x86.Build.0 = Debug|Win32
		{76AD83E1-50DE-456D-9F49-4C07909C97C8}.Release|x64.ActiveCfg = Release|x64
		{76AD83E1-50DE-456D-9F49-4C07909C97C8}.Release|x64.Build.0 = Release|x64
		{76AD83E1-50DE-456D-9F49-4C07909C97C8}.Release|x86.ActiveCfg = Release|Win32
		{76AD83E1-50DE-456D-9F49-4C07909C97C8}.Release|x86.Build.0 = Release|Win32
		{3E82630B-1EF6-4AC1-A834-46F015C59E6F}.Debug|x64.ActiveCfg = Debug|x64
		{3E82630B-1EF6-4AC1-A834-46F015C59E6F}.Debug|x64.Build.0 = Debug|x64
		{3E82630B-1EF6-4AC1-A834-46F015C59E6F}.Debug|x86.ActiveCfg = Debug|Win32
		{3E82630B-1EF6-4AC1-A834-46F015C59E6F}.Debug|x86.Build.0 = Debug|Win32
		{3E82630B-1EF6-4AC1-A834-46F015C59E6F}.Release|x64.ActiveCfg = Release|x64
		{3E82630B-1EF6-4AC1-A834-46F015C59E6F}.Release|x64.Build.0 = Release|x64
		{3E82630B-1EF6-4AC1-A834-46F015C59E6F}.Release|x86.ActiveCfg = Release|Win32
		{3E82630B-1EF6-4AC1-A834-46F015C59E6F}.Release|x86.Build.0 = Release|Win32
	EndGlobalSection
	GlobalSection(SolutionProperties) = preSolution
		HideSolutionNode = FALSE
	EndGlobalSection
	GlobalSection(NestedProjects) = preSolution
		{3E82630B-1EF6-4AC1-A834-46F015C59E6F} = {7683E644-29D7-4CCB-BBBB-813F84EA909B}
	EndGlobalSection
	GlobalSection(ExtensibilityGlobals) = postSolution
		SolutionGuid = {897A30CB-3D39-4017-865F-41DDB5BF0EF1}
	EndGlobalSection
EndGlobal
